{
  "name": "agent-security-stack",
  "version": "0.1.0",
  "lockfileVersion": 3,
  "requires": true,
  "packages": {
    "": {
      "name": "agent-security-stack",
      "version": "0.1.0",
      "license": "MIT",
      "dependencies": {
        "@askalf/canon": "git+https://github.com/askalf/canon.git#b24206e7e6e2579afcf83eeffd8fe287386b5061",
        "@askalf/keeper": "git+https://github.com/askalf/keeper.git#e72f29d26361b65152b4e829c29bcbb849098749",
        "@askalf/warden": "git+https://github.com/askalf/warden.git#7706a44f5caf6b16e61a2f5163940fee66b5ee60"
      },
      "engines": {
        "node": ">=20"
      }
    },
    "node_modules/@askalf/canon": {
      "version": "0.1.0",
      "resolved": "git+ssh://git@github.com/askalf/canon.git#b24206e7e6e2579afcf83eeffd8fe287386b5061",
      "integrity": "sha512-bDua8ByZStq/heg8CE3QYZLXqjAKhvQEZZFI1KkAtJi/FvwNZPu9ipx0xSVUFtUByOXBPFFLhc8Y/bPTAtsonw==",
      "license": "MIT",
      "dependencies": {
        "@askalf/warden": "github:askalf/warden"
      },
      "bin": {
        "canon": "src/cli.mjs",
        "canon-mcp": "src/mcp-cli.mjs"
      },
      "engines": {
        "node": ">=20"
      }
    },
    "node_modules/@askalf/keeper": {
      "version": "0.1.0",
      "resolved": "git+ssh://git@github.com/askalf/keeper.git#e72f29d26361b65152b4e829c29bcbb849098749",
      "integrity": "sha512-iAh6Lb8Oz4LnhEja6yE31/IaLpsBSrEiAhpJ8qMui7uV/R+K67zvhu7X0UFIrdaka3/1TkKnEBXMaQ8xf3ciQg==",
      "license": "MIT",
      "dependencies": {
        "@askalf/warden": "github:askalf/warden"
      },
      "bin": {
        "keeper": "src/cli.mjs"
      },
      "engines": {
        "node": ">=20"
      }
    },
    "node_modules/@askalf/warden": {
      "version": "0.2.0",
      "resolved": "git+ssh://git@github.com/askalf/warden.git#7706a44f5caf6b16e61a2f5163940fee66b5ee60",
      "integrity": "sha512-smnrJ655o00AVLx/zjQ0pr4YQwwjK3BlCt/bRYoap38efMPXgdM4U01DY7FwDp1nUQrvFHXtyKps1xJFzivHiQ==",
      "license": "MIT",
      "bin": {
        "warden": "src/cli.mjs",
        "warden-hook": "src/cc-hook.mjs",
        "warden-mcp": "src/mcp-proxy-cli.mjs",
        "warden-serve": "src/daemon-cli.mjs"
      },
      "engines": {
        "node": ">=20"
      }
    }
  }
}
