{
  "name": "agent-security-stack",
  "version": "0.1.0",
  "lockfileVersion": 3,
  "requires": true,
  "packages": {
    "": {
      "name": "agent-security-stack",
      "version": "0.1.0",
      "license": "MIT",
      "dependencies": {
        "@askalf/canon": "github:askalf/canon",
        "@askalf/keeper": "github:askalf/keeper",
        "@askalf/warden": "github:askalf/warden"
      },
      "engines": {
        "node": ">=20"
      }
    },
    "node_modules/@askalf/canon": {
      "version": "0.1.0",
      "resolved": "git+ssh://git@github.com/askalf/canon.git#95294f3a29569302faa7bbaae61c2fb247cb0a3d",
      "license": "MIT",
      "dependencies": {
        "@askalf/warden": "github:askalf/warden"
      },
      "bin": {
        "canon": "src/cli.mjs",
        "canon-mcp": "src/mcp-cli.mjs"
      },
      "engines": {
        "node": ">=20"
      }
    },
    "node_modules/@askalf/keeper": {
      "version": "0.1.0",
      "resolved": "git+ssh://git@github.com/askalf/keeper.git#583330fddabf040ac794e63596c95154c9e61dd0",
      "license": "MIT",
      "dependencies": {
        "@askalf/warden": "github:askalf/warden"
      },
      "bin": {
        "keeper": "src/cli.mjs"
      },
      "engines": {
        "node": ">=20"
      }
    },
    "node_modules/@askalf/warden": {
      "version": "0.2.0",
      "resolved": "git+ssh://git@github.com/askalf/warden.git#e781c1b59dad6600ed695b96323104e0c539d4ee",
      "license": "MIT",
      "bin": {
        "warden": "src/cli.mjs",
        "warden-hook": "src/cc-hook.mjs",
        "warden-mcp": "src/mcp-proxy-cli.mjs",
        "warden-serve": "src/daemon-cli.mjs"
      },
      "engines": {
        "node": ">=20"
      }
    }
  }
}
